
Microsoft Visual Studio Solution File, Format Version 12.00
# Visual Studio 2013
VisualStudioVersion = 12.0.31101.0
MinimumVisualStudioVersion = 10.0.40219.1
Project("{2150E333-8FDC-42A3-9474-1A3956D46DE8}") = "Servidor", "Servidor", "{8C0D023A-3E9B-45A6-91D6-138BE84F6D10}"
EndProject
Project("{FAE04EC0-301F-11D3-BF4B-00C04F79EFBC}") = "PersistenciaDatos", "PersistenciaDatos\PersistenciaDatos.csproj", "{DD64A1C0-2A58-48B8-B1B8-CB4CE7BB8C59}"
EndProject
Project("{FAE04EC0-301F-11D3-BF4B-00C04F79EFBC}") = "Dominio", "Dominio\Dominio.csproj", "{54D8BAC9-5530-4D94-B5B5-C7B1109B0098}"
EndProject
Project("{FAE04EC0-301F-11D3-BF4B-00C04F79EFBC}") = "LogicaDeNegocios", "LogicaDeNegocios\LogicaDeNegocios.csproj", "{49BA4C04-8B55-4146-8A80-5C0FA9070691}"
EndProject
Project("{FAE04EC0-301F-11D3-BF4B-00C04F79EFBC}") = "ServiciosWCF", "ServiciosWCF\ServiciosWCF.csproj", "{51CC861A-DCFD-451F-BC95-0C7D8F9BDCF9}"
EndProject
Project("{2150E333-8FDC-42A3-9474-1A3956D46DE8}") = "Cliente", "Cliente", "{C5DF941A-8998-48EE-8956-3064F01F71B5}"
EndProject
Project("{FAE04EC0-301F-11D3-BF4B-00C04F79EFBC}") = "LogisticaDB_ViewModel", "LogisticaDB_ViewModel\LogisticaDB_ViewModel.csproj", "{8B8B09CA-FCAF-46A8-B8A7-CBA7C5964B23}"
	ProjectSection(ProjectDependencies) = postProject
		{51CC861A-DCFD-451F-BC95-0C7D8F9BDCF9} = {51CC861A-DCFD-451F-BC95-0C7D8F9BDCF9}
	EndProjectSection
EndProject
Project("{FAE04EC0-301F-11D3-BF4B-00C04F79EFBC}") = "LogisticaDB_View", "LogisticaDB_View\LogisticaDB_View.csproj", "{F1103F2B-A3AF-49EE-804C-CC8FB69EA798}"
	ProjectSection(ProjectDependencies) = postProject
		{2AF61F25-C3DF-464F-903A-558DA13DBE96} = {2AF61F25-C3DF-464F-903A-558DA13DBE96}
	EndProjectSection
EndProject
Project("{FAE04EC0-301F-11D3-BF4B-00C04F79EFBC}") = "LogisticaDB_View.Web", "LogisticaDB_View.Web\LogisticaDB_View.Web.csproj", "{2AF61F25-C3DF-464F-903A-558DA13DBE96}"
EndProject
Global
	GlobalSection(SolutionConfigurationPlatforms) = preSolution
		Debug|Any CPU = Debug|Any CPU
		Release|Any CPU = Release|Any CPU
	EndGlobalSection
	GlobalSection(ProjectConfigurationPlatforms) = postSolution
		{DD64A1C0-2A58-48B8-B1B8-CB4CE7BB8C59}.Debug|Any CPU.ActiveCfg = Debug|Any CPU
		{DD64A1C0-2A58-48B8-B1B8-CB4CE7BB8C59}.Debug|Any CPU.Build.0 = Debug|Any CPU
		{DD64A1C0-2A58-48B8-B1B8-CB4CE7BB8C59}.Release|Any CPU.ActiveCfg = Release|Any CPU
		{DD64A1C0-2A58-48B8-B1B8-CB4CE7BB8C59}.Release|Any CPU.Build.0 = Release|Any CPU
		{54D8BAC9-5530-4D94-B5B5-C7B1109B0098}.Debug|Any CPU.ActiveCfg = Debug|Any CPU
		{54D8BAC9-5530-4D94-B5B5-C7B1109B0098}.Debug|Any CPU.Build.0 = Debug|Any CPU
		{54D8BAC9-5530-4D94-B5B5-C7B1109B0098}.Release|Any CPU.ActiveCfg = Release|Any CPU
		{54D8BAC9-5530-4D94-B5B5-C7B1109B0098}.Release|Any CPU.Build.0 = Release|Any CPU
		{49BA4C04-8B55-4146-8A80-5C0FA9070691}.Debug|Any CPU.ActiveCfg = Debug|Any CPU
		{49BA4C04-8B55-4146-8A80-5C0FA9070691}.Debug|Any CPU.Build.0 = Debug|Any CPU
		{49BA4C04-8B55-4146-8A80-5C0FA9070691}.Release|Any CPU.ActiveCfg = Release|Any CPU
		{49BA4C04-8B55-4146-8A80-5C0FA9070691}.Release|Any CPU.Build.0 = Release|Any CPU
		{51CC861A-DCFD-451F-BC95-0C7D8F9BDCF9}.Debug|Any CPU.ActiveCfg = Debug|Any CPU
		{51CC861A-DCFD-451F-BC95-0C7D8F9BDCF9}.Debug|Any CPU.Build.0 = Debug|Any CPU
		{51CC861A-DCFD-451F-BC95-0C7D8F9BDCF9}.Release|Any CPU.ActiveCfg = Release|Any CPU
		{51CC861A-DCFD-451F-BC95-0C7D8F9BDCF9}.Release|Any CPU.Build.0 = Release|Any CPU
		{8B8B09CA-FCAF-46A8-B8A7-CBA7C5964B23}.Debug|Any CPU.ActiveCfg = Debug|Any CPU
		{8B8B09CA-FCAF-46A8-B8A7-CBA7C5964B23}.Debug|Any CPU.Build.0 = Debug|Any CPU
		{8B8B09CA-FCAF-46A8-B8A7-CBA7C5964B23}.Release|Any CPU.ActiveCfg = Release|Any CPU
		{8B8B09CA-FCAF-46A8-B8A7-CBA7C5964B23}.Release|Any CPU.Build.0 = Release|Any CPU
		{F1103F2B-A3AF-49EE-804C-CC8FB69EA798}.Debug|Any CPU.ActiveCfg = Debug|Any CPU
		{F1103F2B-A3AF-49EE-804C-CC8FB69EA798}.Debug|Any CPU.Build.0 = Debug|Any CPU
		{F1103F2B-A3AF-49EE-804C-CC8FB69EA798}.Release|Any CPU.ActiveCfg = Release|Any CPU
		{F1103F2B-A3AF-49EE-804C-CC8FB69EA798}.Release|Any CPU.Build.0 = Release|Any CPU
		{2AF61F25-C3DF-464F-903A-558DA13DBE96}.Debug|Any CPU.ActiveCfg = Debug|Any CPU
		{2AF61F25-C3DF-464F-903A-558DA13DBE96}.Debug|Any CPU.Build.0 = Debug|Any CPU
		{2AF61F25-C3DF-464F-903A-558DA13DBE96}.Release|Any CPU.ActiveCfg = Release|Any CPU
		{2AF61F25-C3DF-464F-903A-558DA13DBE96}.Release|Any CPU.Build.0 = Release|Any CPU
	EndGlobalSection
	GlobalSection(SolutionProperties) = preSolution
		HideSolutionNode = FALSE
	EndGlobalSection
	GlobalSection(NestedProjects) = preSolution
		{DD64A1C0-2A58-48B8-B1B8-CB4CE7BB8C59} = {8C0D023A-3E9B-45A6-91D6-138BE84F6D10}
		{54D8BAC9-5530-4D94-B5B5-C7B1109B0098} = {8C0D023A-3E9B-45A6-91D6-138BE84F6D10}
		{49BA4C04-8B55-4146-8A80-5C0FA9070691} = {8C0D023A-3E9B-45A6-91D6-138BE84F6D10}
		{51CC861A-DCFD-451F-BC95-0C7D8F9BDCF9} = {8C0D023A-3E9B-45A6-91D6-138BE84F6D10}
		{8B8B09CA-FCAF-46A8-B8A7-CBA7C5964B23} = {C5DF941A-8998-48EE-8956-3064F01F71B5}
		{F1103F2B-A3AF-49EE-804C-CC8FB69EA798} = {C5DF941A-8998-48EE-8956-3064F01F71B5}
		{2AF61F25-C3DF-464F-903A-558DA13DBE96} = {C5DF941A-8998-48EE-8956-3064F01F71B5}
	EndGlobalSection
EndGlobal
