
Microsoft Visual Studio Solution File, Format Version 12.00
# Visual Studio 2013
VisualStudioVersion = 12.0.31101.0
MinimumVisualStudioVersion = 10.0.40219.1
Project("{2150E333-8FDC-42A3-9474-1A3956D46DE8}") = "Servidor", "Servidor", "{8C0D023A-3E9B-45A6-91D6-138BE84F6D10}"
EndProject
Project("{FAE04EC0-301F-11D3-BF4B-00C04F79EFBC}") = "PersistenciaDatos", "PersistenciaDatos\PersistenciaDatos.csproj", "{DD64A1C0-2A58-48B8-B1B8-CB4CE7BB8C59}"
EndProject
Global
	GlobalSection(SolutionConfigurationPlatforms) = preSolution
		Debug|Any CPU = Debug|Any CPU
		Release|Any CPU = Release|Any CPU
	EndGlobalSection
	GlobalSection(ProjectConfigurationPlatforms) = postSolution
		{DD64A1C0-2A58-48B8-B1B8-CB4CE7BB8C59}.Debug|Any CPU.ActiveCfg = Debug|Any CPU
		{DD64A1C0-2A58-48B8-B1B8-CB4CE7BB8C59}.Debug|Any CPU.Build.0 = Debug|Any CPU
		{DD64A1C0-2A58-48B8-B1B8-CB4CE7BB8C59}.Release|Any CPU.ActiveCfg = Release|Any CPU
		{DD64A1C0-2A58-48B8-B1B8-CB4CE7BB8C59}.Release|Any CPU.Build.0 = Release|Any CPU
	EndGlobalSection
	GlobalSection(SolutionProperties) = preSolution
		HideSolutionNode = FALSE
	EndGlobalSection
	GlobalSection(NestedProjects) = preSolution
		{DD64A1C0-2A58-48B8-B1B8-CB4CE7BB8C59} = {8C0D023A-3E9B-45A6-91D6-138BE84F6D10}
	EndGlobalSection
EndGlobal
